{
  "name": "npm-version-ws",
  "version": "1.0.0",
  "lockfileVersion": 2,
  "requires": true,
  "packages": {
    "": {
      "name": "npm-version-ws",
      "version": "1.0.0",
      "license": "ISC",
      "workspaces": [
        "a",
        "b",
        "c"
      ]
    },
    "a": {
      "version": "1.0.0",
      "license": "ISC",
      "dependencies": {
        "b": "1.0.0"
      }
    },
    "b": {
      "version": "1.0.0",
      "license": "ISC"
    },
    "c": {
      "version": "1.0.0",
      "license": "ISC",
      "dependencies": {
        "a": "1.0.0",
        "b": "1.0.0"
      }
    },
    "node_modules/a": {
      "resolved": "a",
      "link": true
    },
    "node_modules/b": {
      "resolved": "b",
      "link": true
    },
    "node_modules/c": {
      "resolved": "c",
      "link": true
    }
  },
  "dependencies": {
    "a": {
      "version": "file:a",
      "requires": {
        "b": "1.0.0"
      }
    },
    "b": {
      "version": "file:b"
    },
    "c": {
      "version": "file:c",
      "requires": {
        "a": "1.0.0",
        "b": "1.0.0"
      }
    }
  }
}
